
Microsoft Visual Studio Solution File, Format Version 12.00
# Visual Studio 15
VisualStudioVersion = 15.0.28010.2048
MinimumVisualStudioVersion = 10.0.40219.1
Project("{FAE04EC0-301F-11D3-BF4B-00C04F79EFBC}") = "EATOUT", "EATOUT.csproj", "{3B8557F5-F93A-4B5F-A865-372A5E96C736}"
EndProject
Global
	GlobalSection(SolutionConfigurationPlatforms) = preSolution
		Debug|Any CPU = Debug|Any CPU
		Release|Any CPU = Release|Any CPU
	EndGlobalSection
	GlobalSection(ProjectConfigurationPlatforms) = postSolution
		{3B8557F5-F93A-4B5F-A865-372A5E96C736}.Debug|Any CPU.ActiveCfg = Debug|Any CPU
		{3B8557F5-F93A-4B5F-A865-372A5E96C736}.Debug|Any CPU.Build.0 = Debug|Any CPU
		{3B8557F5-F93A-4B5F-A865-372A5E96C736}.Release|Any CPU.ActiveCfg = Release|Any CPU
		{3B8557F5-F93A-4B5F-A865-372A5E96C736}.Release|Any CPU.Build.0 = Release|Any CPU
	EndGlobalSection
	GlobalSection(SolutionProperties) = preSolution
		HideSolutionNode = FALSE
	EndGlobalSection
	GlobalSection(ExtensibilityGlobals) = postSolution
		SolutionGuid = {3A5A1584-86EA-40F9-BFA0-26179B02AA5A}
	EndGlobalSection
EndGlobal
